
Microsoft Visual Studio Solution File, Format Version 12.00
# Visual Studio Version 17
VisualStudioVersion = 17.3.32901.215
MinimumVisualStudioVersion = 10.0.40219.1
Project("{9A19103F-16F7-4668-BE54-9A1E7A4F7556}") = "Trinity.Camp.GrpcService", "Trinity.Camp.GrpcService\Trinity.Camp.GrpcService.csproj", "{651CF427-441A-468B-93DB-8458629B38C1}"
EndProject
Project("{FAE04EC0-301F-11D3-BF4B-00C04F79EFBC}") = "Trinity.Camp.Proto", "Trinity.Camp.Proto\Trinity.Camp.Proto.csproj", "{F134A84E-16BA-4ECE-B2C6-080088497BD6}"
EndProject
Project("{FAE04EC0-301F-11D3-BF4B-00C04F79EFBC}") = "Trinity.Camp.GrpcClient", "Trinity.Camp.GrpcClient\Trinity.Camp.GrpcClient.csproj", "{7771CB9D-57FB-49C8-A1D1-809D20879192}"
EndProject
Project("{FAE04EC0-301F-11D3-BF4B-00C04F79EFBC}") = "Trinity.Camp.Gateway", "Trinity.Camp.Gateway\Trinity.Camp.Gateway.csproj", "{0E601837-0F2C-4947-81E5-AB78E0F258D2}"
EndProject
Global
	GlobalSection(SolutionConfigurationPlatforms) = preSolution
		Debug|Any CPU = Debug|Any CPU
		Release|Any CPU = Release|Any CPU
	EndGlobalSection
	GlobalSection(ProjectConfigurationPlatforms) = postSolution
		{651CF427-441A-468B-93DB-8458629B38C1}.Debug|Any CPU.ActiveCfg = Debug|Any CPU
		{651CF427-441A-468B-93DB-8458629B38C1}.Debug|Any CPU.Build.0 = Debug|Any CPU
		{651CF427-441A-468B-93DB-8458629B38C1}.Release|Any CPU.ActiveCfg = Release|Any CPU
		{651CF427-441A-468B-93DB-8458629B38C1}.Release|Any CPU.Build.0 = Release|Any CPU
		{F134A84E-16BA-4ECE-B2C6-080088497BD6}.Debug|Any CPU.ActiveCfg = Debug|Any CPU
		{F134A84E-16BA-4ECE-B2C6-080088497BD6}.Debug|Any CPU.Build.0 = Debug|Any CPU
		{F134A84E-16BA-4ECE-B2C6-080088497BD6}.Release|Any CPU.ActiveCfg = Release|Any CPU
		{F134A84E-16BA-4ECE-B2C6-080088497BD6}.Release|Any CPU.Build.0 = Release|Any CPU
		{7771CB9D-57FB-49C8-A1D1-809D20879192}.Debug|Any CPU.ActiveCfg = Debug|Any CPU
		{7771CB9D-57FB-49C8-A1D1-809D20879192}.Debug|Any CPU.Build.0 = Debug|Any CPU
		{7771CB9D-57FB-49C8-A1D1-809D20879192}.Release|Any CPU.ActiveCfg = Release|Any CPU
		{7771CB9D-57FB-49C8-A1D1-809D20879192}.Release|Any CPU.Build.0 = Release|Any CPU
		{0E601837-0F2C-4947-81E5-AB78E0F258D2}.Debug|Any CPU.ActiveCfg = Debug|Any CPU
		{0E601837-0F2C-4947-81E5-AB78E0F258D2}.Debug|Any CPU.Build.0 = Debug|Any CPU
		{0E601837-0F2C-4947-81E5-AB78E0F258D2}.Release|Any CPU.ActiveCfg = Release|Any CPU
		{0E601837-0F2C-4947-81E5-AB78E0F258D2}.Release|Any CPU.Build.0 = Release|Any CPU
	EndGlobalSection
	GlobalSection(SolutionProperties) = preSolution
		HideSolutionNode = FALSE
	EndGlobalSection
	GlobalSection(ExtensibilityGlobals) = postSolution
		SolutionGuid = {5F1FACC8-B74D-4E2A-BEFC-8D233A38D2F2}
	EndGlobalSection
EndGlobal
